
Microsoft Visual Studio Solution File, Format Version 12.00
# Visual Studio 15
VisualStudioVersion = 15.0.27004.2005
MinimumVisualStudioVersion = 10.0.40219.1
Project("{D954291E-2A0B-460D-934E-DC6B0785DB48}") = "XamBlob", "XamBlob\XamBlob\XamBlob.shproj", "{6B99D478-81C1-4157-B141-3C0F73631A2B}"
EndProject
Project("{FAE04EC0-301F-11D3-BF4B-00C04F79EFBC}") = "XamBlob.Android", "XamBlob\XamBlob.Android\XamBlob.Android.csproj", "{B44CD090-8880-408C-B246-2384AE2B7172}"
EndProject
Project("{FAE04EC0-301F-11D3-BF4B-00C04F79EFBC}") = "XamBlob.iOS", "XamBlob\XamBlob.iOS\XamBlob.iOS.csproj", "{A8626739-7F99-44AB-B7E0-41596EB26505}"
EndProject
Global
	GlobalSection(SharedMSBuildProjectFiles) = preSolution
		XamBlob\XamBlob\XamBlob.projitems*{6b99d478-81c1-4157-b141-3c0f73631a2b}*SharedItemsImports = 13
		XamBlob\XamBlob\XamBlob.projitems*{a8626739-7f99-44ab-b7e0-41596eb26505}*SharedItemsImports = 4
		XamBlob\XamBlob\XamBlob.projitems*{b44cd090-8880-408c-b246-2384ae2b7172}*SharedItemsImports = 4
	EndGlobalSection
	GlobalSection(SolutionConfigurationPlatforms) = preSolution
		Ad-Hoc|Any CPU = Ad-Hoc|Any CPU
		Ad-Hoc|ARM = Ad-Hoc|ARM
		Ad-Hoc|iPhone = Ad-Hoc|iPhone
		Ad-Hoc|iPhoneSimulator = Ad-Hoc|iPhoneSimulator
		Ad-Hoc|x64 = Ad-Hoc|x64
		Ad-Hoc|x86 = Ad-Hoc|x86
		AppStore|Any CPU = AppStore|Any CPU
		AppStore|ARM = AppStore|ARM
		AppStore|iPhone = AppStore|iPhone
		AppStore|iPhoneSimulator = AppStore|iPhoneSimulator
		AppStore|x64 = AppStore|x64
		AppStore|x86 = AppStore|x86
		Debug|Any CPU = Debug|Any CPU
		Debug|ARM = Debug|ARM
		Debug|iPhone = Debug|iPhone
		Debug|iPhoneSimulator = Debug|iPhoneSimulator
		Debug|x64 = Debug|x64
		Debug|x86 = Debug|x86
		Release|Any CPU = Release|Any CPU
		Release|ARM = Release|ARM
		Release|iPhone = Release|iPhone
		Release|iPhoneSimulator = Release|iPhoneSimulator
		Release|x64 = Release|x64
		Release|x86 = Release|x86
	EndGlobalSection
	GlobalSection(ProjectConfigurationPlatforms) = postSolution
		{B44CD090-8880-408C-B246-2384AE2B7172}.Ad-Hoc|Any CPU.ActiveCfg = Release|Any CPU
		{B44CD090-8880-408C-B246-2384AE2B7172}.Ad-Hoc|Any CPU.Build.0 = Release|Any CPU
		{B44CD090-8880-408C-B246-2384AE2B7172}.Ad-Hoc|Any CPU.Deploy.0 = Release|Any CPU
		{B44CD090-8880-408C-B246-2384AE2B7172}.Ad-Hoc|ARM.ActiveCfg = Release|Any CPU
		{B44CD090-8880-408C-B246-2384AE2B7172}.Ad-Hoc|ARM.Build.0 = Release|Any CPU
		{B44CD090-8880-408C-B246-2384AE2B7172}.Ad-Hoc|ARM.Deploy.0 = Release|Any CPU
		{B44CD090-8880-408C-B246-2384AE2B7172}.Ad-Hoc|iPhone.ActiveCfg = Release|Any CPU
		{B44CD090-8880-408C-B246-2384AE2B7172}.Ad-Hoc|iPhone.Build.0 = Release|Any CPU
		{B44CD090-8880-408C-B246-2384AE2B7172}.Ad-Hoc|iPhone.Deploy.0 = Release|Any CPU
		{B44CD090-8880-408C-B246-2384AE2B7172}.Ad-Hoc|iPhoneSimulator.ActiveCfg = Release|Any CPU
		{B44CD090-8880-408C-B246-2384AE2B7172}.Ad-Hoc|iPhoneSimulator.Build.0 = Release|Any CPU
		{B44CD090-8880-408C-B246-2384AE2B7172}.Ad-Hoc|iPhoneSimulator.Deploy.0 = Release|Any CPU
		{B44CD090-8880-408C-B246-2384AE2B7172}.Ad-Hoc|x64.ActiveCfg = Release|Any CPU
		{B44CD090-8880-408C-B246-2384AE2B7172}.Ad-Hoc|x64.Build.0 = Release|Any CPU
		{B44CD090-8880-408C-B246-2384AE2B7172}.Ad-Hoc|x64.Deploy.0 = Release|Any CPU
		{B44CD090-8880-408C-B246-2384AE2B7172}.Ad-Hoc|x86.ActiveCfg = Release|Any CPU
		{B44CD090-8880-408C-B246-2384AE2B7172}.Ad-Hoc|x86.Build.0 = Release|Any CPU
		{B44CD090-8880-408C-B246-2384AE2B7172}.Ad-Hoc|x86.Deploy.0 = Release|Any CPU
		{B44CD090-8880-408C-B246-2384AE2B7172}.AppStore|Any CPU.ActiveCfg = Release|Any CPU
		{B44CD090-8880-408C-B246-2384AE2B7172}.AppStore|Any CPU.Build.0 = Release|Any CPU
		{B44CD090-8880-408C-B246-2384AE2B7172}.AppStore|Any CPU.Deploy.0 = Release|Any CPU
		{B44CD090-8880-408C-B246-2384AE2B7172}.AppStore|ARM.ActiveCfg = Release|Any CPU
		{B44CD090-8880-408C-B246-2384AE2B7172}.AppStore|ARM.Build.0 = Release|Any CPU
		{B44CD090-8880-408C-B246-2384AE2B7172}.AppStore|ARM.Deploy.0 = Release|Any CPU
		{B44CD090-8880-408C-B246-2384AE2B7172}.AppStore|iPhone.ActiveCfg = Release|Any CPU
		{B44CD090-8880-408C-B246-2384AE2B7172}.AppStore|iPhone.Build.0 = Release|Any CPU
		{B44CD090-8880-408C-B246-2384AE2B7172}.AppStore|iPhone.Deploy.0 = Release|Any CPU
		{B44CD090-8880-408C-B246-2384AE2B7172}.AppStore|iPhoneSimulator.ActiveCfg = Release|Any CPU
		{B44CD090-8880-408C-B246-2384AE2B7172}.AppStore|iPhoneSimulator.Build.0 = Release|Any CPU
		{B44CD090-8880-408C-B246-2384AE2B7172}.AppStore|iPhoneSimulator.Deploy.0 = Release|Any CPU
		{B44CD090-8880-408C-B246-2384AE2B7172}.AppStore|x64.ActiveCfg = Release|Any CPU
		{B44CD090-8880-408C-B246-2384AE2B7172}.AppStore|x64.Build.0 = Release|Any CPU
		{B44CD090-8880-408C-B246-2384AE2B7172}.AppStore|x64.Deploy.0 = Release|Any CPU
		{B44CD090-8880-408C-B246-2384AE2B7172}.AppStore|x86.ActiveCfg = Release|Any CPU
		{B44CD090-8880-408C-B246-2384AE2B7172}.AppStore|x86.Build.0 = Release|Any CPU
		{B44CD090-8880-408C-B246-2384AE2B7172}.AppStore|x86.Deploy.0 = Release|Any CPU
		{B44CD090-8880-408C-B246-2384AE2B7172}.Debug|Any CPU.ActiveCfg = Debug|Any CPU
		{B44CD090-8880-408C-B246-2384AE2B7172}.Debug|Any CPU.Build.0 = Debug|Any CPU
		{B44CD090-8880-408C-B246-2384AE2B7172}.Debug|Any CPU.Deploy.0 = Debug|Any CPU
		{B44CD090-8880-408C-B246-2384AE2B7172}.Debug|ARM.ActiveCfg = Debug|Any CPU
		{B44CD090-8880-408C-B246-2384AE2B7172}.Debug|ARM.Build.0 = Debug|Any CPU
		{B44CD090-8880-408C-B246-2384AE2B7172}.Debug|ARM.Deploy.0 = Debug|Any CPU
		{B44CD090-8880-408C-B246-2384AE2B7172}.Debug|iPhone.ActiveCfg = Debug|Any CPU
		{B44CD090-8880-408C-B246-2384AE2B7172}.Debug|iPhone.Build.0 = Debug|Any CPU
		{B44CD090-8880-408C-B246-2384AE2B7172}.Debug|iPhone.Deploy.0 = Debug|Any CPU
		{B44CD090-8880-408C-B246-2384AE2B7172}.Debug|iPhoneSimulator.ActiveCfg = Debug|Any CPU
		{B44CD090-8880-408C-B246-2384AE2B7172}.Debug|iPhoneSimulator.Build.0 = Debug|Any CPU
		{B44CD090-8880-408C-B246-2384AE2B7172}.Debug|iPhoneSimulator.Deploy.0 = Debug|Any CPU
		{B44CD090-8880-408C-B246-2384AE2B7172}.Debug|x64.ActiveCfg = Debug|Any CPU
		{B44CD090-8880-408C-B246-2384AE2B7172}.Debug|x64.Build.0 = Debug|Any CPU
		{B44CD090-8880-408C-B246-2384AE2B7172}.Debug|x64.Deploy.0 = Debug|Any CPU
		{B44CD090-8880-408C-B246-2384AE2B7172}.Debug|x86.ActiveCfg = Debug|Any CPU
		{B44CD090-8880-408C-B246-2384AE2B7172}.Debug|x86.Build.0 = Debug|Any CPU
		{B44CD090-8880-408C-B246-2384AE2B7172}.Debug|x86.Deploy.0 = Debug|Any CPU
		{B44CD090-8880-408C-B246-2384AE2B7172}.Release|Any CPU.ActiveCfg = Release|Any CPU
		{B44CD090-8880-408C-B246-2384AE2B7172}.Release|Any CPU.Build.0 = Release|Any CPU
		{B44CD090-8880-408C-B246-2384AE2B7172}.Release|Any CPU.Deploy.0 = Release|Any CPU
		{B44CD090-8880-408C-B246-2384AE2B7172}.Release|ARM.ActiveCfg = Release|Any CPU
		{B44CD090-8880-408C-B246-2384AE2B7172}.Release|ARM.Build.0 = Release|Any CPU
		{B44CD090-8880-408C-B246-2384AE2B7172}.Release|ARM.Deploy.0 = Release|Any CPU
		{B44CD090-8880-408C-B246-2384AE2B7172}.Release|iPhone.ActiveCfg = Release|Any CPU
		{B44CD090-8880-408C-B246-2384AE2B7172}.Release|iPhone.Build.0 = Release|Any CPU
		{B44CD090-8880-408C-B246-2384AE2B7172}.Release|iPhone.Deploy.0 = Release|Any CPU
		{B44CD090-8880-408C-B246-2384AE2B7172}.Release|iPhoneSimulator.ActiveCfg = Release|Any CPU
		{B44CD090-8880-408C-B246-2384AE2B7172}.Release|iPhoneSimulator.Build.0 = Release|Any CPU
		{B44CD090-8880-408C-B246-2384AE2B7172}.Release|iPhoneSimulator.Deploy.0 = Release|Any CPU
		{B44CD090-8880-408C-B246-2384AE2B7172}.Release|x64.ActiveCfg = Release|Any CPU
		{B44CD090-8880-408C-B246-2384AE2B7172}.Release|x64.Build.0 = Release|Any CPU
		{B44CD090-8880-408C-B246-2384AE2B7172}.Release|x64.Deploy.0 = Release|Any CPU
		{B44CD090-8880-408C-B246-2384AE2B7172}.Release|x86.ActiveCfg = Release|Any CPU
		{B44CD090-8880-408C-B246-2384AE2B7172}.Release|x86.Build.0 = Release|Any CPU
		{B44CD090-8880-408C-B246-2384AE2B7172}.Release|x86.Deploy.0 = Release|Any CPU
		{A8626739-7F99-44AB-B7E0-41596EB26505}.Ad-Hoc|Any CPU.ActiveCfg = Ad-Hoc|iPhoneSimulator
		{A8626739-7F99-44AB-B7E0-41596EB26505}.Ad-Hoc|ARM.ActiveCfg = Ad-Hoc|iPhone
		{A8626739-7F99-44AB-B7E0-41596EB26505}.Ad-Hoc|iPhone.ActiveCfg = Ad-Hoc|iPhone
		{A8626739-7F99-44AB-B7E0-41596EB26505}.Ad-Hoc|iPhone.Build.0 = Ad-Hoc|iPhone
		{A8626739-7F99-44AB-B7E0-41596EB26505}.Ad-Hoc|iPhoneSimulator.ActiveCfg = Ad-Hoc|iPhoneSimulator
		{A8626739-7F99-44AB-B7E0-41596EB26505}.Ad-Hoc|iPhoneSimulator.Build.0 = Ad-Hoc|iPhoneSimulator
		{A8626739-7F99-44AB-B7E0-41596EB26505}.Ad-Hoc|x64.ActiveCfg = Ad-Hoc|iPhone
		{A8626739-7F99-44AB-B7E0-41596EB26505}.Ad-Hoc|x86.ActiveCfg = Ad-Hoc|iPhone
		{A8626739-7F99-44AB-B7E0-41596EB26505}.AppStore|Any CPU.ActiveCfg = AppStore|iPhoneSimulator
		{A8626739-7F99-44AB-B7E0-41596EB26505}.AppStore|ARM.ActiveCfg = AppStore|iPhone
		{A8626739-7F99-44AB-B7E0-41596EB26505}.AppStore|iPhone.ActiveCfg = AppStore|iPhone
		{A8626739-7F99-44AB-B7E0-41596EB26505}.AppStore|iPhone.Build.0 = AppStore|iPhone
		{A8626739-7F99-44AB-B7E0-41596EB26505}.AppStore|iPhoneSimulator.ActiveCfg = AppStore|iPhoneSimulator
		{A8626739-7F99-44AB-B7E0-41596EB26505}.AppStore|iPhoneSimulator.Build.0 = AppStore|iPhoneSimulator
		{A8626739-7F99-44AB-B7E0-41596EB26505}.AppStore|x64.ActiveCfg = AppStore|iPhone
		{A8626739-7F99-44AB-B7E0-41596EB26505}.AppStore|x86.ActiveCfg = AppStore|iPhone
		{A8626739-7F99-44AB-B7E0-41596EB26505}.Debug|Any CPU.ActiveCfg = Debug|iPhoneSimulator
		{A8626739-7F99-44AB-B7E0-41596EB26505}.Debug|ARM.ActiveCfg = Debug|iPhone
		{A8626739-7F99-44AB-B7E0-41596EB26505}.Debug|iPhone.ActiveCfg = Debug|iPhone
		{A8626739-7F99-44AB-B7E0-41596EB26505}.Debug|iPhone.Build.0 = Debug|iPhone
		{A8626739-7F99-44AB-B7E0-41596EB26505}.Debug|iPhoneSimulator.ActiveCfg = Debug|iPhoneSimulator
		{A8626739-7F99-44AB-B7E0-41596EB26505}.Debug|iPhoneSimulator.Build.0 = Debug|iPhoneSimulator
		{A8626739-7F99-44AB-B7E0-41596EB26505}.Debug|x64.ActiveCfg = Debug|iPhone
		{A8626739-7F99-44AB-B7E0-41596EB26505}.Debug|x86.ActiveCfg = Debug|iPhone
		{A8626739-7F99-44AB-B7E0-41596EB26505}.Release|Any CPU.ActiveCfg = Release|iPhoneSimulator
		{A8626739-7F99-44AB-B7E0-41596EB26505}.Release|ARM.ActiveCfg = Release|iPhone
		{A8626739-7F99-44AB-B7E0-41596EB26505}.Release|iPhone.ActiveCfg = Release|iPhone
		{A8626739-7F99-44AB-B7E0-41596EB26505}.Release|iPhone.Build.0 = Release|iPhone
		{A8626739-7F99-44AB-B7E0-41596EB26505}.Release|iPhoneSimulator.ActiveCfg = Release|iPhoneSimulator
		{A8626739-7F99-44AB-B7E0-41596EB26505}.Release|iPhoneSimulator.Build.0 = Release|iPhoneSimulator
		{A8626739-7F99-44AB-B7E0-41596EB26505}.Release|x64.ActiveCfg = Release|iPhone
		{A8626739-7F99-44AB-B7E0-41596EB26505}.Release|x86.ActiveCfg = Release|iPhone
	EndGlobalSection
	GlobalSection(SolutionProperties) = preSolution
		HideSolutionNode = FALSE
	EndGlobalSection
	GlobalSection(ExtensibilityGlobals) = postSolution
		SolutionGuid = {BE60A88C-B395-47A0-868E-A6848F2E78F9}
	EndGlobalSection
EndGlobal
